
Microsoft Visual Studio Solution File, Format Version 12.00
# Visual Studio Version 17
VisualStudioVersion = 17.0.32014.148
MinimumVisualStudioVersion = 10.0.40219.1
Project("{9A19103F-16F7-4668-BE54-9A1E7A4F7556}") = "api", "src\services\api\api.csproj", "{71DB9A55-C0F9-4B15-A735-0D6DB0FBB936}"
EndProject
Project("{2150E333-8FDC-42A3-9474-1A3956D46DE8}") = "docs", "docs", "{930C8631-4082-47F8-993B-489D1C17FF89}"
EndProject
Project("{2150E333-8FDC-42A3-9474-1A3956D46DE8}") = "src", "src", "{C974F535-6F45-4621-BBE3-27287C4C1777}"
EndProject
Project("{2150E333-8FDC-42A3-9474-1A3956D46DE8}") = "core", "core", "{5646905A-D756-4D90-AFBF-936EA28C03E8}"
EndProject
Project("{2150E333-8FDC-42A3-9474-1A3956D46DE8}") = "infrastructure", "infrastructure", "{13C1123E-8D24-42B7-B34D-A6FBDCA5514A}"
EndProject
Project("{2150E333-8FDC-42A3-9474-1A3956D46DE8}") = "presentation", "presentation", "{6E81CED1-9A3C-4D0F-B3FA-D378297C526B}"
EndProject
Project("{FAE04EC0-301F-11D3-BF4B-00C04F79EFBC}") = "application", "application\application.csproj", "{0EE49B01-7550-4C33-87C4-AFC8CE593541}"
EndProject
Project("{FAE04EC0-301F-11D3-BF4B-00C04F79EFBC}") = "domain", "domain\domain.csproj", "{A5A1F2BF-BF34-4497-8FAB-E6CF21E0D6EB}"
EndProject
Project("{FAE04EC0-301F-11D3-BF4B-00C04F79EFBC}") = "common", "common\common.csproj", "{36B73D32-0B4F-4C59-B83D-4C5BC6CBC2ED}"
EndProject
Global
	GlobalSection(SolutionConfigurationPlatforms) = preSolution
		Debug|Any CPU = Debug|Any CPU
		Release|Any CPU = Release|Any CPU
	EndGlobalSection
	GlobalSection(ProjectConfigurationPlatforms) = postSolution
		{71DB9A55-C0F9-4B15-A735-0D6DB0FBB936}.Debug|Any CPU.ActiveCfg = Debug|Any CPU
		{71DB9A55-C0F9-4B15-A735-0D6DB0FBB936}.Debug|Any CPU.Build.0 = Debug|Any CPU
		{71DB9A55-C0F9-4B15-A735-0D6DB0FBB936}.Release|Any CPU.ActiveCfg = Release|Any CPU
		{71DB9A55-C0F9-4B15-A735-0D6DB0FBB936}.Release|Any CPU.Build.0 = Release|Any CPU
		{0EE49B01-7550-4C33-87C4-AFC8CE593541}.Debug|Any CPU.ActiveCfg = Debug|Any CPU
		{0EE49B01-7550-4C33-87C4-AFC8CE593541}.Debug|Any CPU.Build.0 = Debug|Any CPU
		{0EE49B01-7550-4C33-87C4-AFC8CE593541}.Release|Any CPU.ActiveCfg = Release|Any CPU
		{0EE49B01-7550-4C33-87C4-AFC8CE593541}.Release|Any CPU.Build.0 = Release|Any CPU
		{A5A1F2BF-BF34-4497-8FAB-E6CF21E0D6EB}.Debug|Any CPU.ActiveCfg = Debug|Any CPU
		{A5A1F2BF-BF34-4497-8FAB-E6CF21E0D6EB}.Debug|Any CPU.Build.0 = Debug|Any CPU
		{A5A1F2BF-BF34-4497-8FAB-E6CF21E0D6EB}.Release|Any CPU.ActiveCfg = Release|Any CPU
		{A5A1F2BF-BF34-4497-8FAB-E6CF21E0D6EB}.Release|Any CPU.Build.0 = Release|Any CPU
		{36B73D32-0B4F-4C59-B83D-4C5BC6CBC2ED}.Debug|Any CPU.ActiveCfg = Debug|Any CPU
		{36B73D32-0B4F-4C59-B83D-4C5BC6CBC2ED}.Debug|Any CPU.Build.0 = Debug|Any CPU
		{36B73D32-0B4F-4C59-B83D-4C5BC6CBC2ED}.Release|Any CPU.ActiveCfg = Release|Any CPU
		{36B73D32-0B4F-4C59-B83D-4C5BC6CBC2ED}.Release|Any CPU.Build.0 = Release|Any CPU
	EndGlobalSection
	GlobalSection(SolutionProperties) = preSolution
		HideSolutionNode = FALSE
	EndGlobalSection
	GlobalSection(NestedProjects) = preSolution
		{71DB9A55-C0F9-4B15-A735-0D6DB0FBB936} = {6E81CED1-9A3C-4D0F-B3FA-D378297C526B}
		{5646905A-D756-4D90-AFBF-936EA28C03E8} = {C974F535-6F45-4621-BBE3-27287C4C1777}
		{13C1123E-8D24-42B7-B34D-A6FBDCA5514A} = {C974F535-6F45-4621-BBE3-27287C4C1777}
		{6E81CED1-9A3C-4D0F-B3FA-D378297C526B} = {C974F535-6F45-4621-BBE3-27287C4C1777}
		{0EE49B01-7550-4C33-87C4-AFC8CE593541} = {5646905A-D756-4D90-AFBF-936EA28C03E8}
		{A5A1F2BF-BF34-4497-8FAB-E6CF21E0D6EB} = {5646905A-D756-4D90-AFBF-936EA28C03E8}
		{36B73D32-0B4F-4C59-B83D-4C5BC6CBC2ED} = {5646905A-D756-4D90-AFBF-936EA28C03E8}
	EndGlobalSection
	GlobalSection(ExtensibilityGlobals) = postSolution
		SolutionGuid = {E7CDF901-8A06-4834-8A5F-80E29995852C}
	EndGlobalSection
EndGlobal
