
Microsoft Visual Studio Solution File, Format Version 12.00
# Visual Studio Version 16
VisualStudioVersion = 16.0.30413.136
MinimumVisualStudioVersion = 10.0.40219.1
Project("{FAE04EC0-301F-11D3-BF4B-00C04F79EFBC}") = "mus", "mus\mus.csproj", "{86884E5E-3347-4CC8-9D29-7B0769D5BBC2}"
EndProject
Global
	GlobalSection(SolutionConfigurationPlatforms) = preSolution
		Debug|Any CPU = Debug|Any CPU
		Release|Any CPU = Release|Any CPU
	EndGlobalSection
	GlobalSection(ProjectConfigurationPlatforms) = postSolution
		{86884E5E-3347-4CC8-9D29-7B0769D5BBC2}.Debug|Any CPU.ActiveCfg = Debug|Any CPU
		{86884E5E-3347-4CC8-9D29-7B0769D5BBC2}.Debug|Any CPU.Build.0 = Debug|Any CPU
		{86884E5E-3347-4CC8-9D29-7B0769D5BBC2}.Release|Any CPU.ActiveCfg = Release|Any CPU
		{86884E5E-3347-4CC8-9D29-7B0769D5BBC2}.Release|Any CPU.Build.0 = Release|Any CPU
	EndGlobalSection
	GlobalSection(SolutionProperties) = preSolution
		HideSolutionNode = FALSE
	EndGlobalSection
	GlobalSection(ExtensibilityGlobals) = postSolution
		SolutionGuid = {E7CDF901-8A06-4834-8A5F-80E29995852C}
	EndGlobalSection
EndGlobal
