
Microsoft Visual Studio Solution File, Format Version 12.00
# Visual Studio Version 16
VisualStudioVersion = 16.0.30413.136
MinimumVisualStudioVersion = 10.0.40219.1
Project("{9A19103F-16F7-4668-BE54-9A1E7A4F7556}") = "api", "src\services\api\api.csproj", "{71DB9A55-C0F9-4B15-A735-0D6DB0FBB936}"
EndProject
Project("{FAE04EC0-301F-11D3-BF4B-00C04F79EFBC}") = "data", "src\services\data\data\data.csproj", "{8C4DC814-C77D-4B0A-82F0-2F3673896FD5}"
EndProject
Global
	GlobalSection(SolutionConfigurationPlatforms) = preSolution
		Debug|Any CPU = Debug|Any CPU
		Release|Any CPU = Release|Any CPU
	EndGlobalSection
	GlobalSection(ProjectConfigurationPlatforms) = postSolution
		{71DB9A55-C0F9-4B15-A735-0D6DB0FBB936}.Debug|Any CPU.ActiveCfg = Debug|Any CPU
		{71DB9A55-C0F9-4B15-A735-0D6DB0FBB936}.Debug|Any CPU.Build.0 = Debug|Any CPU
		{71DB9A55-C0F9-4B15-A735-0D6DB0FBB936}.Release|Any CPU.ActiveCfg = Release|Any CPU
		{71DB9A55-C0F9-4B15-A735-0D6DB0FBB936}.Release|Any CPU.Build.0 = Release|Any CPU
		{8C4DC814-C77D-4B0A-82F0-2F3673896FD5}.Debug|Any CPU.ActiveCfg = Debug|Any CPU
		{8C4DC814-C77D-4B0A-82F0-2F3673896FD5}.Debug|Any CPU.Build.0 = Debug|Any CPU
		{8C4DC814-C77D-4B0A-82F0-2F3673896FD5}.Release|Any CPU.ActiveCfg = Release|Any CPU
		{8C4DC814-C77D-4B0A-82F0-2F3673896FD5}.Release|Any CPU.Build.0 = Release|Any CPU
	EndGlobalSection
	GlobalSection(SolutionProperties) = preSolution
		HideSolutionNode = FALSE
	EndGlobalSection
	GlobalSection(ExtensibilityGlobals) = postSolution
		SolutionGuid = {E7CDF901-8A06-4834-8A5F-80E29995852C}
	EndGlobalSection
EndGlobal
